
Microsoft Visual Studio Solution File, Format Version 12.00
# Visual Studio Version 16
VisualStudioVersion = 16.0.31702.278
MinimumVisualStudioVersion = 10.0.40219.1
Project("{9A19103F-16F7-4668-BE54-9A1E7A4F7556}") = "ShopCore.Mvc", "ShopCore.Mvc\ShopCore.Mvc.csproj", "{766D1702-737C-4388-A67B-C65705F4F4FB}"
EndProject
Project("{9A19103F-16F7-4668-BE54-9A1E7A4F7556}") = "ShopCore.Data", "ShopCore.Data\ShopCore.Data.csproj", "{DA1B73C3-EA57-4BD4-A5BD-2DDD5107FA0D}"
EndProject
Project("{FAE04EC0-301F-11D3-BF4B-00C04F79EFBC}") = "ShopCore.WebApi", "ShopCore.WebApi\ShopCore.WebApi.csproj", "{A3FFA70B-B68D-4404-98BC-5901203AB636}"
	ProjectSection(ProjectDependencies) = postProject
		{DA1B73C3-EA57-4BD4-A5BD-2DDD5107FA0D} = {DA1B73C3-EA57-4BD4-A5BD-2DDD5107FA0D}
	EndProjectSection
EndProject
Global
	GlobalSection(SolutionConfigurationPlatforms) = preSolution
		Debug|Any CPU = Debug|Any CPU
		Release|Any CPU = Release|Any CPU
	EndGlobalSection
	GlobalSection(ProjectConfigurationPlatforms) = postSolution
		{766D1702-737C-4388-A67B-C65705F4F4FB}.Debug|Any CPU.ActiveCfg = Debug|Any CPU
		{766D1702-737C-4388-A67B-C65705F4F4FB}.Debug|Any CPU.Build.0 = Debug|Any CPU
		{766D1702-737C-4388-A67B-C65705F4F4FB}.Release|Any CPU.ActiveCfg = Release|Any CPU
		{766D1702-737C-4388-A67B-C65705F4F4FB}.Release|Any CPU.Build.0 = Release|Any CPU
		{DA1B73C3-EA57-4BD4-A5BD-2DDD5107FA0D}.Debug|Any CPU.ActiveCfg = Debug|Any CPU
		{DA1B73C3-EA57-4BD4-A5BD-2DDD5107FA0D}.Debug|Any CPU.Build.0 = Debug|Any CPU
		{DA1B73C3-EA57-4BD4-A5BD-2DDD5107FA0D}.Release|Any CPU.ActiveCfg = Release|Any CPU
		{DA1B73C3-EA57-4BD4-A5BD-2DDD5107FA0D}.Release|Any CPU.Build.0 = Release|Any CPU
		{A3FFA70B-B68D-4404-98BC-5901203AB636}.Debug|Any CPU.ActiveCfg = Debug|Any CPU
		{A3FFA70B-B68D-4404-98BC-5901203AB636}.Debug|Any CPU.Build.0 = Debug|Any CPU
		{A3FFA70B-B68D-4404-98BC-5901203AB636}.Release|Any CPU.ActiveCfg = Release|Any CPU
		{A3FFA70B-B68D-4404-98BC-5901203AB636}.Release|Any CPU.Build.0 = Release|Any CPU
	EndGlobalSection
	GlobalSection(SolutionProperties) = preSolution
		HideSolutionNode = FALSE
	EndGlobalSection
	GlobalSection(ExtensibilityGlobals) = postSolution
		SolutionGuid = {7B8D789F-4697-4CE0-9D9A-78D65737D9ED}
	EndGlobalSection
EndGlobal
